{
  "requires": true,
  "lockfileVersion": 1,
  "dependencies": {
    "@jest/types": {
      "version": "26.6.2",
      "resolved": "http://10.1.20.185/npm/private-npm/@jest/types/-/types-26.6.2.tgz",
      "integrity": "sha1-vvWlMgMOHYii9abZM/hOlyJu1I4=",
      "requires": {
        "@types/istanbul-lib-coverage": "^2.0.0",
        "@types/istanbul-reports": "^3.0.0",
        "@types/node": "*",
        "@types/yargs": "^15.0.0",
        "chalk": "^4.0.0"
      }
    },
    "@sinonjs/commons": {
      "version": "1.8.3",
      "resolved": "http://10.1.20.185/npm/private-npm/@sinonjs/commons/-/commons-1.8.3.tgz",
      "integrity": "sha1-OALd0hpQqUm2ch3dcto25n5/Gy0=",
      "requires": {
        "type-detect": "4.0.8"
      }
    },
    "@sinonjs/fake-timers": {
      "version": "6.0.1",
      "resolved": "http://10.1.20.185/npm/private-npm/@sinonjs/fake-timers/-/fake-timers-6.0.1.tgz",
      "integrity": "sha1-KTZ0/MsyYqx4LHqt/eyoaxDHXEA=",
      "requires": {
        "@sinonjs/commons": "^1.7.0"
      }
    },
    "@sinonjs/samsam": {
      "version": "5.3.1",
      "resolved": "http://10.1.20.185/npm/private-npm/@sinonjs/samsam/-/samsam-5.3.1.tgz",
      "integrity": "sha1-N1pF/m7U6S/KL7kg4AfEgjKmUH8=",
      "requires": {
        "@sinonjs/commons": "^1.6.0",
        "lodash.get": "^4.4.2",
        "type-detect": "^4.0.8"
      }
    },
    "@sinonjs/text-encoding": {
      "version": "0.7.1",
      "resolved": "http://10.1.20.185/npm/private-npm/@sinonjs/text-encoding/-/text-encoding-0.7.1.tgz",
      "integrity": "sha1-jaXGUwkVZT86Hzj9XxAdjD+AecU="
    },
    "@types/istanbul-lib-coverage": {
      "version": "2.0.3",
      "resolved": "http://10.1.20.185/npm/private-npm/@types/istanbul-lib-coverage/-/istanbul-lib-coverage-2.0.3.tgz",
      "integrity": "sha1-S6jdtyAiH0MuRDvV+RF/0iz9R2I="
    },
    "@types/istanbul-lib-report": {
      "version": "3.0.0",
      "resolved": "http://10.1.20.185/npm/private-npm/@types/istanbul-lib-report/-/istanbul-lib-report-3.0.0.tgz",
      "integrity": "sha1-wUwk8Y6oGQwRjudWK3/5mjZVJoY=",
      "requires": {
        "@types/istanbul-lib-coverage": "*"
      }
    },
    "@types/istanbul-reports": {
      "version": "3.0.0",
      "resolved": "http://10.1.20.185/npm/private-npm/@types/istanbul-reports/-/istanbul-reports-3.0.0.tgz",
      "integrity": "sha1-UIsTqjRPpJdiNOdd3cw0klc32CE=",
      "requires": {
        "@types/istanbul-lib-report": "*"
      }
    },
    "@types/jest": {
      "version": "26.0.22",
      "resolved": "http://10.1.20.185/npm/private-npm/@types/jest/-/jest-26.0.22.tgz",
      "integrity": "sha1-gwih3r3xuAeqR74oOKzc2R6I++Y=",
      "requires": {
        "jest-diff": "^26.0.0",
        "pretty-format": "^26.0.0"
      }
    },
    "@types/node": {
      "version": "14.14.37",
      "resolved": "http://10.1.20.185/npm/private-npm/@types/node/-/node-14.14.37.tgz",
      "integrity": "sha1-o92NpOuEqZbDbjMd+Y2Cq9drUW4="
    },
    "@types/yargs": {
      "version": "15.0.13",
      "resolved": "http://10.1.20.185/npm/private-npm/@types/yargs/-/yargs-15.0.13.tgz",
      "integrity": "sha1-NPf+yLOJ1/PB/QgCaldj4HLTxtw=",
      "requires": {
        "@types/yargs-parser": "*"
      }
    },
    "@types/yargs-parser": {
      "version": "20.2.0",
      "resolved": "http://10.1.20.185/npm/private-npm/@types/yargs-parser/-/yargs-parser-20.2.0.tgz",
      "integrity": "sha1-3T5mmboyN/A0jNCF5GmHgCBIQvk="
    },
    "ansi-regex": {
      "version": "5.0.0",
      "resolved": "http://10.1.20.185/npm/private-npm/ansi-regex/-/ansi-regex-5.0.0.tgz",
      "integrity": "sha1-OIU59VF5vzkznIGvMKZU1p+Hy3U="
    },
    "ansi-styles": {
      "version": "4.3.0",
      "resolved": "http://10.1.20.185/npm/private-npm/ansi-styles/-/ansi-styles-4.3.0.tgz",
      "integrity": "sha1-7dgDYornHATIWuegkG7a00tkiTc=",
      "requires": {
        "color-convert": "^2.0.1"
      }
    },
    "chalk": {
      "version": "4.1.0",
      "resolved": "http://10.1.20.185/npm/private-npm/chalk/-/chalk-4.1.0.tgz",
      "integrity": "sha1-ThSHCmGNni7dl92DRf2dncMVZGo=",
      "requires": {
        "ansi-styles": "^4.1.0",
        "supports-color": "^7.1.0"
      }
    },
    "color-convert": {
      "version": "2.0.1",
      "resolved": "http://10.1.20.185/npm/private-npm/color-convert/-/color-convert-2.0.1.tgz",
      "integrity": "sha1-ctOmjVmMm9s68q0ehPIdiWq9TeM=",
      "requires": {
        "color-name": "~1.1.4"
      }
    },
    "color-name": {
      "version": "1.1.4",
      "resolved": "http://10.1.20.185/npm/private-npm/color-name/-/color-name-1.1.4.tgz",
      "integrity": "sha1-wqCah6y95pVD3m9j+jmVyCbFNqI="
    },
    "diff": {
      "version": "4.0.2",
      "resolved": "http://10.1.20.185/npm/private-npm/diff/-/diff-4.0.2.tgz",
      "integrity": "sha1-YPOuy4nV+uUgwRqhnvwruYKq3n0="
    },
    "diff-sequences": {
      "version": "26.6.2",
      "resolved": "http://10.1.20.185/npm/private-npm/diff-sequences/-/diff-sequences-26.6.2.tgz",
      "integrity": "sha1-SLqZFX3hkjQS7tQdtrbUqpynwLE="
    },
    "has-flag": {
      "version": "4.0.0",
      "resolved": "http://10.1.20.185/npm/private-npm/has-flag/-/has-flag-4.0.0.tgz",
      "integrity": "sha1-lEdx/ZyByBJlxNaUGGDaBrtZR5s="
    },
    "isarray": {
      "version": "0.0.1",
      "resolved": "http://10.1.20.185/npm/private-npm/isarray/-/isarray-0.0.1.tgz",
      "integrity": "sha1-ihis/Kmo9Bd+Cav8YDiTmwXR7t8="
    },
    "jest-diff": {
      "version": "26.6.2",
      "resolved": "http://10.1.20.185/npm/private-npm/jest-diff/-/jest-diff-26.6.2.tgz",
      "integrity": "sha1-GqdGi1LDpo19XF/c381eSb0WQ5Q=",
      "requires": {
        "chalk": "^4.0.0",
        "diff-sequences": "^26.6.2",
        "jest-get-type": "^26.3.0",
        "pretty-format": "^26.6.2"
      }
    },
    "jest-get-type": {
      "version": "26.3.0",
      "resolved": "http://10.1.20.185/npm/private-npm/jest-get-type/-/jest-get-type-26.3.0.tgz",
      "integrity": "sha1-6X3Dw/U8K0Bsp6+u1Ek7HQmRmeA="
    },
    "just-extend": {
      "version": "4.2.1",
      "resolved": "http://10.1.20.185/npm/private-npm/just-extend/-/just-extend-4.2.1.tgz",
      "integrity": "sha1-715Ymvth5dZrJOynSUCaiTmox0Q="
    },
    "lodash.get": {
      "version": "4.4.2",
      "resolved": "http://10.1.20.185/npm/private-npm/lodash.get/-/lodash.get-4.4.2.tgz",
      "integrity": "sha1-LRd/ZS+jHpObRDjVNBSZ36OCXpk="
    },
    "nise": {
      "version": "4.1.0",
      "resolved": "http://10.1.20.185/npm/private-npm/nise/-/nise-4.1.0.tgz",
      "integrity": "sha1-j7daJukLmSAvoeY/RI9Y77ze2vY=",
      "requires": {
        "@sinonjs/commons": "^1.7.0",
        "@sinonjs/fake-timers": "^6.0.0",
        "@sinonjs/text-encoding": "^0.7.1",
        "just-extend": "^4.0.2",
        "path-to-regexp": "^1.7.0"
      }
    },
    "path-to-regexp": {
      "version": "1.8.0",
      "resolved": "http://10.1.20.185/npm/private-npm/path-to-regexp/-/path-to-regexp-1.8.0.tgz",
      "integrity": "sha1-iHs7qdhDk+h6CgufTLdWGYtTVIo=",
      "requires": {
        "isarray": "0.0.1"
      }
    },
    "pretty-format": {
      "version": "26.6.2",
      "resolved": "http://10.1.20.185/npm/private-npm/pretty-format/-/pretty-format-26.6.2.tgz",
      "integrity": "sha1-41wnBfFMt/4v6U+geDRbREEg/JM=",
      "requires": {
        "@jest/types": "^26.6.2",
        "ansi-regex": "^5.0.0",
        "ansi-styles": "^4.0.0",
        "react-is": "^17.0.1"
      }
    },
    "react-is": {
      "version": "17.0.2",
      "resolved": "http://10.1.20.185/npm/private-npm/react-is/-/react-is-17.0.2.tgz",
      "integrity": "sha1-5pHUqOnHiTZWVVOas3J2Kw77VPA="
    },
    "sinon": {
      "version": "10.0.0",
      "resolved": "http://10.1.20.185/npm/private-npm/sinon/-/sinon-10.0.0.tgz",
      "integrity": "sha1-Uiefl+NWRv9z0jIH0DB5d8m4FDA=",
      "requires": {
        "@sinonjs/commons": "^1.8.1",
        "@sinonjs/fake-timers": "^6.0.1",
        "@sinonjs/samsam": "^5.3.1",
        "diff": "^4.0.2",
        "nise": "^4.1.0",
        "supports-color": "^7.1.0"
      }
    },
    "supports-color": {
      "version": "7.2.0",
      "resolved": "http://10.1.20.185/npm/private-npm/supports-color/-/supports-color-7.2.0.tgz",
      "integrity": "sha1-G33NyzK4E4gBs+R4umpRyqiWSNo=",
      "requires": {
        "has-flag": "^4.0.0"
      }
    },
    "type-detect": {
      "version": "4.0.8",
      "resolved": "http://10.1.20.185/npm/private-npm/type-detect/-/type-detect-4.0.8.tgz",
      "integrity": "sha1-dkb7XxiHHPu3dJ5pvTmmOI63RQw="
    }
  }
}
